
Microsoft Visual Studio Solution File, Format Version 12.00
# Visual Studio 15
VisualStudioVersion = 15.0.26124.0
MinimumVisualStudioVersion = 15.0.26124.0
Project("{FAE04EC0-301F-11D3-BF4B-00C04F79EFBC}") = "Products", "Products\Products.csproj", "{5D2E585B-4870-4C11-A197-E1AE1252404B}"
EndProject
Project("{FAE04EC0-301F-11D3-BF4B-00C04F79EFBC}") = "ProductsTests.Test", "ProductsTests.Test\ProductsTests.Test.csproj", "{F90A95E3-5153-4EBA-A7D0-880341289C0A}"
EndProject
Global
	GlobalSection(SolutionConfigurationPlatforms) = preSolution
		Debug|Any CPU = Debug|Any CPU
		Debug|x64 = Debug|x64
		Debug|x86 = Debug|x86
		Release|Any CPU = Release|Any CPU
		Release|x64 = Release|x64
		Release|x86 = Release|x86
	EndGlobalSection
	GlobalSection(SolutionProperties) = preSolution
		HideSolutionNode = FALSE
	EndGlobalSection
	GlobalSection(ProjectConfigurationPlatforms) = postSolution
		{5D2E585B-4870-4C11-A197-E1AE1252404B}.Debug|Any CPU.ActiveCfg = Debug|Any CPU
		{5D2E585B-4870-4C11-A197-E1AE1252404B}.Debug|Any CPU.Build.0 = Debug|Any CPU
		{5D2E585B-4870-4C11-A197-E1AE1252404B}.Debug|x64.ActiveCfg = Debug|Any CPU
		{5D2E585B-4870-4C11-A197-E1AE1252404B}.Debug|x64.Build.0 = Debug|Any CPU
		{5D2E585B-4870-4C11-A197-E1AE1252404B}.Debug|x86.ActiveCfg = Debug|Any CPU
		{5D2E585B-4870-4C11-A197-E1AE1252404B}.Debug|x86.Build.0 = Debug|Any CPU
		{5D2E585B-4870-4C11-A197-E1AE1252404B}.Release|Any CPU.ActiveCfg = Release|Any CPU
		{5D2E585B-4870-4C11-A197-E1AE1252404B}.Release|Any CPU.Build.0 = Release|Any CPU
		{5D2E585B-4870-4C11-A197-E1AE1252404B}.Release|x64.ActiveCfg = Release|Any CPU
		{5D2E585B-4870-4C11-A197-E1AE1252404B}.Release|x64.Build.0 = Release|Any CPU
		{5D2E585B-4870-4C11-A197-E1AE1252404B}.Release|x86.ActiveCfg = Release|Any CPU
		{5D2E585B-4870-4C11-A197-E1AE1252404B}.Release|x86.Build.0 = Release|Any CPU
		{A95B52B1-EC6F-4E0E-BC9C-6046F0639523}.Debug|Any CPU.ActiveCfg = Debug|Any CPU
		{A95B52B1-EC6F-4E0E-BC9C-6046F0639523}.Debug|Any CPU.Build.0 = Debug|Any CPU
		{A95B52B1-EC6F-4E0E-BC9C-6046F0639523}.Debug|x64.ActiveCfg = Debug|Any CPU
		{A95B52B1-EC6F-4E0E-BC9C-6046F0639523}.Debug|x64.Build.0 = Debug|Any CPU
		{A95B52B1-EC6F-4E0E-BC9C-6046F0639523}.Debug|x86.ActiveCfg = Debug|Any CPU
		{A95B52B1-EC6F-4E0E-BC9C-6046F0639523}.Debug|x86.Build.0 = Debug|Any CPU
		{A95B52B1-EC6F-4E0E-BC9C-6046F0639523}.Release|Any CPU.ActiveCfg = Release|Any CPU
		{A95B52B1-EC6F-4E0E-BC9C-6046F0639523}.Release|Any CPU.Build.0 = Release|Any CPU
		{A95B52B1-EC6F-4E0E-BC9C-6046F0639523}.Release|x64.ActiveCfg = Release|Any CPU
		{A95B52B1-EC6F-4E0E-BC9C-6046F0639523}.Release|x64.Build.0 = Release|Any CPU
		{A95B52B1-EC6F-4E0E-BC9C-6046F0639523}.Release|x86.ActiveCfg = Release|Any CPU
		{A95B52B1-EC6F-4E0E-BC9C-6046F0639523}.Release|x86.Build.0 = Release|Any CPU
		{F90A95E3-5153-4EBA-A7D0-880341289C0A}.Debug|Any CPU.ActiveCfg = Debug|Any CPU
		{F90A95E3-5153-4EBA-A7D0-880341289C0A}.Debug|Any CPU.Build.0 = Debug|Any CPU
		{F90A95E3-5153-4EBA-A7D0-880341289C0A}.Debug|x64.ActiveCfg = Debug|Any CPU
		{F90A95E3-5153-4EBA-A7D0-880341289C0A}.Debug|x64.Build.0 = Debug|Any CPU
		{F90A95E3-5153-4EBA-A7D0-880341289C0A}.Debug|x86.ActiveCfg = Debug|Any CPU
		{F90A95E3-5153-4EBA-A7D0-880341289C0A}.Debug|x86.Build.0 = Debug|Any CPU
		{F90A95E3-5153-4EBA-A7D0-880341289C0A}.Release|Any CPU.ActiveCfg = Release|Any CPU
		{F90A95E3-5153-4EBA-A7D0-880341289C0A}.Release|Any CPU.Build.0 = Release|Any CPU
		{F90A95E3-5153-4EBA-A7D0-880341289C0A}.Release|x64.ActiveCfg = Release|Any CPU
		{F90A95E3-5153-4EBA-A7D0-880341289C0A}.Release|x64.Build.0 = Release|Any CPU
		{F90A95E3-5153-4EBA-A7D0-880341289C0A}.Release|x86.ActiveCfg = Release|Any CPU
		{F90A95E3-5153-4EBA-A7D0-880341289C0A}.Release|x86.Build.0 = Release|Any CPU
	EndGlobalSection
EndGlobal
