
Microsoft Visual Studio Solution File, Format Version 12.00
# Visual Studio 15
VisualStudioVersion = 15.0.28307.645
MinimumVisualStudioVersion = 10.0.40219.1
Project("{9A19103F-16F7-4668-BE54-9A1E7A4F7556}") = "bitcoin-project.Api", "bitcoin-project\bitcoin-project.Api.csproj", "{E1F0E70F-FAB1-4838-A334-8BA723799243}"
EndProject
Project("{9A19103F-16F7-4668-BE54-9A1E7A4F7556}") = "bitcoin-project.Service", "bitcoin-project.Service\bitcoin-project.Service.csproj", "{B77875BC-B3D6-4E57-82E0-F79C9BF69948}"
EndProject
Project("{9A19103F-16F7-4668-BE54-9A1E7A4F7556}") = "bitcoin-project.Model", "bitcoin-project.Model\bitcoin-project.Model.csproj", "{C17A7D23-A07D-43B6-ADB6-F7499C947C1C}"
EndProject
Project("{9A19103F-16F7-4668-BE54-9A1E7A4F7556}") = "bitcoin-project.Data", "bitcoin-project.Data\bitcoin-project.Data.csproj", "{4C6D87BF-E464-41D8-A84E-E3B03AB008FC}"
EndProject
Project("{FAE04EC0-301F-11D3-BF4B-00C04F79EFBC}") = "bitcoin-project.Tests", "bitcoin-project.Tests\bitcoin-project.Tests.csproj", "{F7219A25-B25C-4E02-A1F9-930A02C10819}"
EndProject
Global
	GlobalSection(SolutionConfigurationPlatforms) = preSolution
		Debug|Any CPU = Debug|Any CPU
		Release|Any CPU = Release|Any CPU
	EndGlobalSection
	GlobalSection(ProjectConfigurationPlatforms) = postSolution
		{E1F0E70F-FAB1-4838-A334-8BA723799243}.Debug|Any CPU.ActiveCfg = Debug|Any CPU
		{E1F0E70F-FAB1-4838-A334-8BA723799243}.Debug|Any CPU.Build.0 = Debug|Any CPU
		{E1F0E70F-FAB1-4838-A334-8BA723799243}.Release|Any CPU.ActiveCfg = Release|Any CPU
		{E1F0E70F-FAB1-4838-A334-8BA723799243}.Release|Any CPU.Build.0 = Release|Any CPU
		{B77875BC-B3D6-4E57-82E0-F79C9BF69948}.Debug|Any CPU.ActiveCfg = Debug|Any CPU
		{B77875BC-B3D6-4E57-82E0-F79C9BF69948}.Debug|Any CPU.Build.0 = Debug|Any CPU
		{B77875BC-B3D6-4E57-82E0-F79C9BF69948}.Release|Any CPU.ActiveCfg = Release|Any CPU
		{B77875BC-B3D6-4E57-82E0-F79C9BF69948}.Release|Any CPU.Build.0 = Release|Any CPU
		{C17A7D23-A07D-43B6-ADB6-F7499C947C1C}.Debug|Any CPU.ActiveCfg = Debug|Any CPU
		{C17A7D23-A07D-43B6-ADB6-F7499C947C1C}.Debug|Any CPU.Build.0 = Debug|Any CPU
		{C17A7D23-A07D-43B6-ADB6-F7499C947C1C}.Release|Any CPU.ActiveCfg = Release|Any CPU
		{C17A7D23-A07D-43B6-ADB6-F7499C947C1C}.Release|Any CPU.Build.0 = Release|Any CPU
		{4C6D87BF-E464-41D8-A84E-E3B03AB008FC}.Debug|Any CPU.ActiveCfg = Debug|Any CPU
		{4C6D87BF-E464-41D8-A84E-E3B03AB008FC}.Debug|Any CPU.Build.0 = Debug|Any CPU
		{4C6D87BF-E464-41D8-A84E-E3B03AB008FC}.Release|Any CPU.ActiveCfg = Release|Any CPU
		{4C6D87BF-E464-41D8-A84E-E3B03AB008FC}.Release|Any CPU.Build.0 = Release|Any CPU
		{F7219A25-B25C-4E02-A1F9-930A02C10819}.Debug|Any CPU.ActiveCfg = Debug|Any CPU
		{F7219A25-B25C-4E02-A1F9-930A02C10819}.Debug|Any CPU.Build.0 = Debug|Any CPU
		{F7219A25-B25C-4E02-A1F9-930A02C10819}.Release|Any CPU.ActiveCfg = Release|Any CPU
		{F7219A25-B25C-4E02-A1F9-930A02C10819}.Release|Any CPU.Build.0 = Release|Any CPU
	EndGlobalSection
	GlobalSection(SolutionProperties) = preSolution
		HideSolutionNode = FALSE
	EndGlobalSection
	GlobalSection(ExtensibilityGlobals) = postSolution
		SolutionGuid = {1E75D74C-60E7-4CBD-A2C9-4489E8689FCD}
	EndGlobalSection
EndGlobal
